// !$*UTF8*$!
{
	archiveVersion = 1;
	classes = {
	};
	objectVersion = 55;
	objects = {

/* Begin PBXBuildFile section */
		30CE83E251BA6A24F3584746 /* Student.m in Sources */ = {isa = PBXBuildFile; fileRef = 30CE877D8B50A392A1AA7080 /* Student.m */; };
		30CE84CBBFFA5BC5089A4B8C /* Person.m in Sources */ = {isa = PBXBuildFile; fileRef = 30CE8B54A21A9D70DAD274A5 /* Person.m */; };
		9946DC032875157400D695B7 /* MyRootViewController.m in Sources */ = {isa = PBXBuildFile; fileRef = 9946DC022875157400D695B7 /* MyRootViewController.m */; };
		9982D1DA288240B000AC36AF /* SecondViewController.m in Sources */ = {isa = PBXBuildFile; fileRef = 9982D1D9288240B000AC36AF /* SecondViewController.m */; };
		998FFFC5288001190074D4FA /* SecondViewController.m in Sources */ = {isa = PBXBuildFile; fileRef = 998FFFC4288001190074D4FA /* SecondViewController.m */; };
		99B273DB28743F7500270276 /* AppDelegate.m in Sources */ = {isa = PBXBuildFile; fileRef = 99B273DA28743F7500270276 /* AppDelegate.m */; };
		99B273DE28743F7500270276 /* SceneDelegate.m in Sources */ = {isa = PBXBuildFile; fileRef = 99B273DD28743F7500270276 /* SceneDelegate.m */; };
		99B273E628743F7700270276 /* Assets.xcassets in Resources */ = {isa = PBXBuildFile; fileRef = 99B273E528743F7700270276 /* Assets.xcassets */; };
		99B273E928743F7700270276 /* LaunchScreen.storyboard in Resources */ = {isa = PBXBuildFile; fileRef = 99B273E728743F7700270276 /* LaunchScreen.storyboard */; };
		99B273EC28743F7700270276 /* main.m in Sources */ = {isa = PBXBuildFile; fileRef = 99B273EB28743F7700270276 /* main.m */; };
		99BE9A45287045670077D28D /* AppDelegate.m in Sources */ = {isa = PBXBuildFile; fileRef = 99BE9A44287045670077D28D /* AppDelegate.m */; };
		99BE9A48287045670077D28D /* SceneDelegate.m in Sources */ = {isa = PBXBuildFile; fileRef = 99BE9A47287045670077D28D /* SceneDelegate.m */; };
		99BE9A50287045690077D28D /* Assets.xcassets in Resources */ = {isa = PBXBuildFile; fileRef = 99BE9A4F287045690077D28D /* Assets.xcassets */; };
		99BE9A53287045690077D28D /* LaunchScreen.storyboard in Resources */ = {isa = PBXBuildFile; fileRef = 99BE9A51287045690077D28D /* LaunchScreen.storyboard */; };
		99BE9A56287045690077D28D /* main.m in Sources */ = {isa = PBXBuildFile; fileRef = 99BE9A55287045690077D28D /* main.m */; };
		99BE9A5D2872805F0077D28D /* RootViewController.m in Sources */ = {isa = PBXBuildFile; fileRef = 99BE9A5B2872805F0077D28D /* RootViewController.m */; };
		99BE9A5E2872805F0077D28D /* RootViewController.xib in Resources */ = {isa = PBXBuildFile; fileRef = 99BE9A5C2872805F0077D28D /* RootViewController.xib */; };
		99C9C409284A0364005E2FB5 /* AppDelegate.m in Sources */ = {isa = PBXBuildFile; fileRef = 99C9C408284A0364005E2FB5 /* AppDelegate.m */; };
		99C9C40C284A0364005E2FB5 /* SceneDelegate.m in Sources */ = {isa = PBXBuildFile; fileRef = 99C9C40B284A0364005E2FB5 /* SceneDelegate.m */; };
		99C9C40F284A0364005E2FB5 /* ViewController.m in Sources */ = {isa = PBXBuildFile; fileRef = 99C9C40E284A0364005E2FB5 /* ViewController.m */; };
		99C9C412284A0364005E2FB5 /* Main.storyboard in Resources */ = {isa = PBXBuildFile; fileRef = 99C9C410284A0364005E2FB5 /* Main.storyboard */; };
		99C9C414284A036A005E2FB5 /* Assets.xcassets in Resources */ = {isa = PBXBuildFile; fileRef = 99C9C413284A036A005E2FB5 /* Assets.xcassets */; };
		99C9C417284A036A005E2FB5 /* LaunchScreen.storyboard in Resources */ = {isa = PBXBuildFile; fileRef = 99C9C415284A036A005E2FB5 /* LaunchScreen.storyboard */; };
		99C9C41A284A036A005E2FB5 /* main.m in Sources */ = {isa = PBXBuildFile; fileRef = 99C9C419284A036A005E2FB5 /* main.m */; };
		99C9C424284A036A005E2FB5 /* MyIOSDemoTests.m in Sources */ = {isa = PBXBuildFile; fileRef = 99C9C423284A036A005E2FB5 /* MyIOSDemoTests.m */; };
		99C9C42E284A036A005E2FB5 /* MyIOSDemoUITests.m in Sources */ = {isa = PBXBuildFile; fileRef = 99C9C42D284A036A005E2FB5 /* MyIOSDemoUITests.m */; };
		99C9C430284A036A005E2FB5 /* MyIOSDemoUITestsLaunchTests.m in Sources */ = {isa = PBXBuildFile; fileRef = 99C9C42F284A036A005E2FB5 /* MyIOSDemoUITestsLaunchTests.m */; };
/* End PBXBuildFile section */

/* Begin PBXContainerItemProxy section */
		99C9C420284A036A005E2FB5 /* PBXContainerItemProxy */ = {
			isa = PBXContainerItemProxy;
			containerPortal = 99C9C3FC284A0363005E2FB5 /* Project object */;
			proxyType = 1;
			remoteGlobalIDString = 99C9C403284A0364005E2FB5;
			remoteInfo = MyIOSDemo;
		};
		99C9C42A284A036A005E2FB5 /* PBXContainerItemProxy */ = {
			isa = PBXContainerItemProxy;
			containerPortal = 99C9C3FC284A0363005E2FB5 /* Project object */;
			proxyType = 1;
			remoteGlobalIDString = 99C9C403284A0364005E2FB5;
			remoteInfo = MyIOSDemo;
		};
/* End PBXContainerItemProxy section */

/* Begin PBXFileReference section */
		30CE874513D08AAAF8BDE111 /* Person.h */ = {isa = PBXFileReference; fileEncoding = 4; lastKnownFileType = sourcecode.c.h; path = Person.h; sourceTree = "<group>"; };
		30CE877D8B50A392A1AA7080 /* Student.m */ = {isa = PBXFileReference; fileEncoding = 4; lastKnownFileType = sourcecode.c.objc; path = Student.m; sourceTree = "<group>"; };
		30CE8AEA9148E9680111BA07 /* Student.h */ = {isa = PBXFileReference; fileEncoding = 4; lastKnownFileType = sourcecode.c.h; path = Student.h; sourceTree = "<group>"; };
		30CE8B54A21A9D70DAD274A5 /* Person.m */ = {isa = PBXFileReference; fileEncoding = 4; lastKnownFileType = sourcecode.c.objc; path = Person.m; sourceTree = "<group>"; };
		99380A53286AA83B00542BDF /* PrefixHeader.pch */ = {isa = PBXFileReference; lastKnownFileType = sourcecode.c.h; path = PrefixHeader.pch; sourceTree = "<group>"; };
		9946DC012875157400D695B7 /* MyRootViewController.h */ = {isa = PBXFileReference; lastKnownFileType = sourcecode.c.h; path = MyRootViewController.h; sourceTree = "<group>"; };
		9946DC022875157400D695B7 /* MyRootViewController.m */ = {isa = PBXFileReference; lastKnownFileType = sourcecode.c.objc; path = MyRootViewController.m; sourceTree = "<group>"; };
		9982D1D8288240B000AC36AF /* SecondViewController.h */ = {isa = PBXFileReference; lastKnownFileType = sourcecode.c.h; path = SecondViewController.h; sourceTree = "<group>"; };
		9982D1D9288240B000AC36AF /* SecondViewController.m */ = {isa = PBXFileReference; lastKnownFileType = sourcecode.c.objc; path = SecondViewController.m; sourceTree = "<group>"; };
		998FFFC3288001190074D4FA /* SecondViewController.h */ = {isa = PBXFileReference; lastKnownFileType = sourcecode.c.h; path = SecondViewController.h; sourceTree = "<group>"; };
		998FFFC4288001190074D4FA /* SecondViewController.m */ = {isa = PBXFileReference; lastKnownFileType = sourcecode.c.objc; path = SecondViewController.m; sourceTree = "<group>"; };
		99B273D728743F7400270276 /* CodeViewTest.app */ = {isa = PBXFileReference; explicitFileType = wrapper.application; includeInIndex = 0; path = CodeViewTest.app; sourceTree = BUILT_PRODUCTS_DIR; };
		99B273D928743F7500270276 /* AppDelegate.h */ = {isa = PBXFileReference; lastKnownFileType = sourcecode.c.h; path = AppDelegate.h; sourceTree = "<group>"; };
		99B273DA28743F7500270276 /* AppDelegate.m */ = {isa = PBXFileReference; lastKnownFileType = sourcecode.c.objc; path = AppDelegate.m; sourceTree = "<group>"; };
		99B273DC28743F7500270276 /* SceneDelegate.h */ = {isa = PBXFileReference; lastKnownFileType = sourcecode.c.h; path = SceneDelegate.h; sourceTree = "<group>"; };
		99B273DD28743F7500270276 /* SceneDelegate.m */ = {isa = PBXFileReference; lastKnownFileType = sourcecode.c.objc; path = SceneDelegate.m; sourceTree = "<group>"; };
		99B273E528743F7700270276 /* Assets.xcassets */ = {isa = PBXFileReference; lastKnownFileType = folder.assetcatalog; path = Assets.xcassets; sourceTree = "<group>"; };
		99B273E828743F7700270276 /* Base */ = {isa = PBXFileReference; lastKnownFileType = file.storyboard; name = Base; path = Base.lproj/LaunchScreen.storyboard; sourceTree = "<group>"; };
		99B273EA28743F7700270276 /* Info.plist */ = {isa = PBXFileReference; lastKnownFileType = text.plist.xml; path = Info.plist; sourceTree = "<group>"; };
		99B273EB28743F7700270276 /* main.m */ = {isa = PBXFileReference; lastKnownFileType = sourcecode.c.objc; path = main.m; sourceTree = "<group>"; };
		99BE9A41287045670077D28D /* XibTest.app */ = {isa = PBXFileReference; explicitFileType = wrapper.application; includeInIndex = 0; path = XibTest.app; sourceTree = BUILT_PRODUCTS_DIR; };
		99BE9A43287045670077D28D /* AppDelegate.h */ = {isa = PBXFileReference; lastKnownFileType = sourcecode.c.h; path = AppDelegate.h; sourceTree = "<group>"; };
		99BE9A44287045670077D28D /* AppDelegate.m */ = {isa = PBXFileReference; lastKnownFileType = sourcecode.c.objc; path = AppDelegate.m; sourceTree = "<group>"; };
		99BE9A46287045670077D28D /* SceneDelegate.h */ = {isa = PBXFileReference; lastKnownFileType = sourcecode.c.h; path = SceneDelegate.h; sourceTree = "<group>"; };
		99BE9A47287045670077D28D /* SceneDelegate.m */ = {isa = PBXFileReference; lastKnownFileType = sourcecode.c.objc; path = SceneDelegate.m; sourceTree = "<group>"; };
		99BE9A4F287045690077D28D /* Assets.xcassets */ = {isa = PBXFileReference; lastKnownFileType = folder.assetcatalog; path = Assets.xcassets; sourceTree = "<group>"; };
		99BE9A52287045690077D28D /* Base */ = {isa = PBXFileReference; lastKnownFileType = file.storyboard; name = Base; path = Base.lproj/LaunchScreen.storyboard; sourceTree = "<group>"; };
		99BE9A54287045690077D28D /* Info.plist */ = {isa = PBXFileReference; lastKnownFileType = text.plist.xml; path = Info.plist; sourceTree = "<group>"; };
		99BE9A55287045690077D28D /* main.m */ = {isa = PBXFileReference; lastKnownFileType = sourcecode.c.objc; path = main.m; sourceTree = "<group>"; };
		99BE9A5A2872805F0077D28D /* RootViewController.h */ = {isa = PBXFileReference; lastKnownFileType = sourcecode.c.h; path = RootViewController.h; sourceTree = "<group>"; };
		99BE9A5B2872805F0077D28D /* RootViewController.m */ = {isa = PBXFileReference; lastKnownFileType = sourcecode.c.objc; path = RootViewController.m; sourceTree = "<group>"; };
		99BE9A5C2872805F0077D28D /* RootViewController.xib */ = {isa = PBXFileReference; lastKnownFileType = file.xib; path = RootViewController.xib; sourceTree = "<group>"; };
		99C9C404284A0364005E2FB5 /* MyIOSDemo.app */ = {isa = PBXFileReference; explicitFileType = wrapper.application; includeInIndex = 0; path = MyIOSDemo.app; sourceTree = BUILT_PRODUCTS_DIR; };
		99C9C407284A0364005E2FB5 /* AppDelegate.h */ = {isa = PBXFileReference; lastKnownFileType = sourcecode.c.h; path = AppDelegate.h; sourceTree = "<group>"; };
		99C9C408284A0364005E2FB5 /* AppDelegate.m */ = {isa = PBXFileReference; lastKnownFileType = sourcecode.c.objc; path = AppDelegate.m; sourceTree = "<group>"; };
		99C9C40A284A0364005E2FB5 /* SceneDelegate.h */ = {isa = PBXFileReference; lastKnownFileType = sourcecode.c.h; path = SceneDelegate.h; sourceTree = "<group>"; };
		99C9C40B284A0364005E2FB5 /* SceneDelegate.m */ = {isa = PBXFileReference; lastKnownFileType = sourcecode.c.objc; path = SceneDelegate.m; sourceTree = "<group>"; };
		99C9C40D284A0364005E2FB5 /* ViewController.h */ = {isa = PBXFileReference; lastKnownFileType = sourcecode.c.h; path = ViewController.h; sourceTree = "<group>"; };
		99C9C40E284A0364005E2FB5 /* ViewController.m */ = {isa = PBXFileReference; lastKnownFileType = sourcecode.c.objc; path = ViewController.m; sourceTree = "<group>"; };
		99C9C411284A0364005E2FB5 /* Base */ = {isa = PBXFileReference; lastKnownFileType = file.storyboard; name = Base; path = Base.lproj/Main.storyboard; sourceTree = "<group>"; };
		99C9C413284A036A005E2FB5 /* Assets.xcassets */ = {isa = PBXFileReference; lastKnownFileType = folder.assetcatalog; path = Assets.xcassets; sourceTree = "<group>"; };
		99C9C416284A036A005E2FB5 /* Base */ = {isa = PBXFileReference; lastKnownFileType = file.storyboard; name = Base; path = Base.lproj/LaunchScreen.storyboard; sourceTree = "<group>"; };
		99C9C418284A036A005E2FB5 /* Info.plist */ = {isa = PBXFileReference; lastKnownFileType = text.plist.xml; path = Info.plist; sourceTree = "<group>"; };
		99C9C419284A036A005E2FB5 /* main.m */ = {isa = PBXFileReference; lastKnownFileType = sourcecode.c.objc; path = main.m; sourceTree = "<group>"; };
		99C9C41F284A036A005E2FB5 /* MyIOSDemoTests.xctest */ = {isa = PBXFileReference; explicitFileType = wrapper.cfbundle; includeInIndex = 0; path = MyIOSDemoTests.xctest; sourceTree = BUILT_PRODUCTS_DIR; };
		99C9C423284A036A005E2FB5 /* MyIOSDemoTests.m */ = {isa = PBXFileReference; lastKnownFileType = sourcecode.c.objc; path = MyIOSDemoTests.m; sourceTree = "<group>"; };
		99C9C429284A036A005E2FB5 /* MyIOSDemoUITests.xctest */ = {isa = PBXFileReference; explicitFileType = wrapper.cfbundle; includeInIndex = 0; path = MyIOSDemoUITests.xctest; sourceTree = BUILT_PRODUCTS_DIR; };
		99C9C42D284A036A005E2FB5 /* MyIOSDemoUITests.m */ = {isa = PBXFileReference; lastKnownFileType = sourcecode.c.objc; path = MyIOSDemoUITests.m; sourceTree = "<group>"; };
		99C9C42F284A036A005E2FB5 /* MyIOSDemoUITestsLaunchTests.m */ = {isa = PBXFileReference; lastKnownFileType = sourcecode.c.objc; path = MyIOSDemoUITestsLaunchTests.m; sourceTree = "<group>"; };
/* End PBXFileReference section */

/* Begin PBXFrameworksBuildPhase section */
		99B273D428743F7400270276 /* Frameworks */ = {
			isa = PBXFrameworksBuildPhase;
			buildActionMask = 2147483647;
			files = (
			);
			runOnlyForDeploymentPostprocessing = 0;
		};
		99BE9A3E287045670077D28D /* Frameworks */ = {
			isa = PBXFrameworksBuildPhase;
			buildActionMask = 2147483647;
			files = (
			);
			runOnlyForDeploymentPostprocessing = 0;
		};
		99C9C401284A0364005E2FB5 /* Frameworks */ = {
			isa = PBXFrameworksBuildPhase;
			buildActionMask = 2147483647;
			files = (
			);
			runOnlyForDeploymentPostprocessing = 0;
		};
		99C9C41C284A036A005E2FB5 /* Frameworks */ = {
			isa = PBXFrameworksBuildPhase;
			buildActionMask = 2147483647;
			files = (
			);
			runOnlyForDeploymentPostprocessing = 0;
		};
		99C9C426284A036A005E2FB5 /* Frameworks */ = {
			isa = PBXFrameworksBuildPhase;
			buildActionMask = 2147483647;
			files = (
			);
			runOnlyForDeploymentPostprocessing = 0;
		};
/* End PBXFrameworksBuildPhase section */

/* Begin PBXGroup section */
		30CE8117BD4A034864C9F265 /* syntax */ = {
			isa = PBXGroup;
			children = (
				30CE8AEA9148E9680111BA07 /* Student.h */,
				30CE877D8B50A392A1AA7080 /* Student.m */,
				30CE8B54A21A9D70DAD274A5 /* Person.m */,
				30CE874513D08AAAF8BDE111 /* Person.h */,
			);
			path = syntax;
			sourceTree = "<group>";
		};
		99B273D828743F7500270276 /* CodeViewTest */ = {
			isa = PBXGroup;
			children = (
				99B273D928743F7500270276 /* AppDelegate.h */,
				99B273DA28743F7500270276 /* AppDelegate.m */,
				99B273DC28743F7500270276 /* SceneDelegate.h */,
				99B273DD28743F7500270276 /* SceneDelegate.m */,
				99B273E528743F7700270276 /* Assets.xcassets */,
				99B273E728743F7700270276 /* LaunchScreen.storyboard */,
				99B273EA28743F7700270276 /* Info.plist */,
				99B273EB28743F7700270276 /* main.m */,
				9946DC012875157400D695B7 /* MyRootViewController.h */,
				9946DC022875157400D695B7 /* MyRootViewController.m */,
				9982D1D8288240B000AC36AF /* SecondViewController.h */,
				9982D1D9288240B000AC36AF /* SecondViewController.m */,
			);
			path = CodeViewTest;
			sourceTree = "<group>";
		};
		99BE9A42287045670077D28D /* XibTest */ = {
			isa = PBXGroup;
			children = (
				99BE9A43287045670077D28D /* AppDelegate.h */,
				99BE9A44287045670077D28D /* AppDelegate.m */,
				99BE9A46287045670077D28D /* SceneDelegate.h */,
				99BE9A47287045670077D28D /* SceneDelegate.m */,
				99BE9A4F287045690077D28D /* Assets.xcassets */,
				99BE9A51287045690077D28D /* LaunchScreen.storyboard */,
				99BE9A54287045690077D28D /* Info.plist */,
				99BE9A55287045690077D28D /* main.m */,
				99BE9A5A2872805F0077D28D /* RootViewController.h */,
				99BE9A5B2872805F0077D28D /* RootViewController.m */,
				99BE9A5C2872805F0077D28D /* RootViewController.xib */,
			);
			path = XibTest;
			sourceTree = "<group>";
		};
		99C9C3FB284A0363005E2FB5 = {
			isa = PBXGroup;
			children = (
				99C9C406284A0364005E2FB5 /* MyIOSDemo */,
				99C9C422284A036A005E2FB5 /* MyIOSDemoTests */,
				99C9C42C284A036A005E2FB5 /* MyIOSDemoUITests */,
				99BE9A42287045670077D28D /* XibTest */,
				99B273D828743F7500270276 /* CodeViewTest */,
				99C9C405284A0364005E2FB5 /* Products */,
			);
			sourceTree = "<group>";
		};
		99C9C405284A0364005E2FB5 /* Products */ = {
			isa = PBXGroup;
			children = (
				99C9C404284A0364005E2FB5 /* MyIOSDemo.app */,
				99C9C41F284A036A005E2FB5 /* MyIOSDemoTests.xctest */,
				99C9C429284A036A005E2FB5 /* MyIOSDemoUITests.xctest */,
				99BE9A41287045670077D28D /* XibTest.app */,
				99B273D728743F7400270276 /* CodeViewTest.app */,
			);
			name = Products;
			sourceTree = "<group>";
		};
		99C9C406284A0364005E2FB5 /* MyIOSDemo */ = {
			isa = PBXGroup;
			children = (
				99C9C407284A0364005E2FB5 /* AppDelegate.h */,
				99C9C408284A0364005E2FB5 /* AppDelegate.m */,
				99C9C40A284A0364005E2FB5 /* SceneDelegate.h */,
				99C9C40B284A0364005E2FB5 /* SceneDelegate.m */,
				99C9C40D284A0364005E2FB5 /* ViewController.h */,
				99C9C40E284A0364005E2FB5 /* ViewController.m */,
				99C9C410284A0364005E2FB5 /* Main.storyboard */,
				99C9C413284A036A005E2FB5 /* Assets.xcassets */,
				99C9C415284A036A005E2FB5 /* LaunchScreen.storyboard */,
				99C9C418284A036A005E2FB5 /* Info.plist */,
				99C9C419284A036A005E2FB5 /* main.m */,
				99380A53286AA83B00542BDF /* PrefixHeader.pch */,
				30CE8117BD4A034864C9F265 /* syntax */,
				998FFFC3288001190074D4FA /* SecondViewController.h */,
				998FFFC4288001190074D4FA /* SecondViewController.m */,
			);
			path = MyIOSDemo;
			sourceTree = "<group>";
		};
		99C9C422284A036A005E2FB5 /* MyIOSDemoTests */ = {
			isa = PBXGroup;
			children = (
				99C9C423284A036A005E2FB5 /* MyIOSDemoTests.m */,
			);
			path = MyIOSDemoTests;
			sourceTree = "<group>";
		};
		99C9C42C284A036A005E2FB5 /* MyIOSDemoUITests */ = {
			isa = PBXGroup;
			children = (
				99C9C42D284A036A005E2FB5 /* MyIOSDemoUITests.m */,
				99C9C42F284A036A005E2FB5 /* MyIOSDemoUITestsLaunchTests.m */,
			);
			path = MyIOSDemoUITests;
			sourceTree = "<group>";
		};
/* End PBXGroup section */

/* Begin PBXNativeTarget section */
		99B273D628743F7400270276 /* CodeViewTest */ = {
			isa = PBXNativeTarget;
			buildConfigurationList = 99B273EF28743F7700270276 /* Build configuration list for PBXNativeTarget "CodeViewTest" */;
			buildPhases = (
				99B273D328743F7400270276 /* Sources */,
				99B273D428743F7400270276 /* Frameworks */,
				99B273D528743F7400270276 /* Resources */,
			);
			buildRules = (
			);
			dependencies = (
			);
			name = CodeViewTest;
			productName = CodeViewTest;
			productReference = 99B273D728743F7400270276 /* CodeViewTest.app */;
			productType = "com.apple.product-type.application";
		};
		99BE9A40287045670077D28D /* XibTest */ = {
			isa = PBXNativeTarget;
			buildConfigurationList = 99BE9A59287045690077D28D /* Build configuration list for PBXNativeTarget "XibTest" */;
			buildPhases = (
				99BE9A3D287045670077D28D /* Sources */,
				99BE9A3E287045670077D28D /* Frameworks */,
				99BE9A3F287045670077D28D /* Resources */,
			);
			buildRules = (
			);
			dependencies = (
			);
			name = XibTest;
			productName = XibTest;
			productReference = 99BE9A41287045670077D28D /* XibTest.app */;
			productType = "com.apple.product-type.application";
		};
		99C9C403284A0364005E2FB5 /* MyIOSDemo */ = {
			isa = PBXNativeTarget;
			buildConfigurationList = 99C9C433284A036A005E2FB5 /* Build configuration list for PBXNativeTarget "MyIOSDemo" */;
			buildPhases = (
				99C9C400284A0364005E2FB5 /* Sources */,
				99C9C401284A0364005E2FB5 /* Frameworks */,
				99C9C402284A0364005E2FB5 /* Resources */,
			);
			buildRules = (
			);
			dependencies = (
			);
			name = MyIOSDemo;
			productName = MyIOSDemo;
			productReference = 99C9C404284A0364005E2FB5 /* MyIOSDemo.app */;
			productType = "com.apple.product-type.application";
		};
		99C9C41E284A036A005E2FB5 /* MyIOSDemoTests */ = {
			isa = PBXNativeTarget;
			buildConfigurationList = 99C9C436284A036A005E2FB5 /* Build configuration list for PBXNativeTarget "MyIOSDemoTests" */;
			buildPhases = (
				99C9C41B284A036A005E2FB5 /* Sources */,
				99C9C41C284A036A005E2FB5 /* Frameworks */,
				99C9C41D284A036A005E2FB5 /* Resources */,
			);
			buildRules = (
			);
			dependencies = (
				99C9C421284A036A005E2FB5 /* PBXTargetDependency */,
			);
			name = MyIOSDemoTests;
			productName = MyIOSDemoTests;
			productReference = 99C9C41F284A036A005E2FB5 /* MyIOSDemoTests.xctest */;
			productType = "com.apple.product-type.bundle.unit-test";
		};
		99C9C428284A036A005E2FB5 /* MyIOSDemoUITests */ = {
			isa = PBXNativeTarget;
			buildConfigurationList = 99C9C439284A036A005E2FB5 /* Build configuration list for PBXNativeTarget "MyIOSDemoUITests" */;
			buildPhases = (
				99C9C425284A036A005E2FB5 /* Sources */,
				99C9C426284A036A005E2FB5 /* Frameworks */,
				99C9C427284A036A005E2FB5 /* Resources */,
			);
			buildRules = (
			);
			dependencies = (
				99C9C42B284A036A005E2FB5 /* PBXTargetDependency */,
			);
			name = MyIOSDemoUITests;
			productName = MyIOSDemoUITests;
			productReference = 99C9C429284A036A005E2FB5 /* MyIOSDemoUITests.xctest */;
			productType = "com.apple.product-type.bundle.ui-testing";
		};
/* End PBXNativeTarget section */

/* Begin PBXProject section */
		99C9C3FC284A0363005E2FB5 /* Project object */ = {
			isa = PBXProject;
			attributes = {
				BuildIndependentTargetsInParallel = 1;
				LastUpgradeCheck = 1340;
				TargetAttributes = {
					99B273D628743F7400270276 = {
						CreatedOnToolsVersion = 13.4.1;
					};
					99BE9A40287045670077D28D = {
						CreatedOnToolsVersion = 13.4.1;
					};
					99C9C403284A0364005E2FB5 = {
						CreatedOnToolsVersion = 13.4;
					};
					99C9C41E284A036A005E2FB5 = {
						CreatedOnToolsVersion = 13.4;
						TestTargetID = 99C9C403284A0364005E2FB5;
					};
					99C9C428284A036A005E2FB5 = {
						CreatedOnToolsVersion = 13.4;
						TestTargetID = 99C9C403284A0364005E2FB5;
					};
				};
			};
			buildConfigurationList = 99C9C3FF284A0363005E2FB5 /* Build configuration list for PBXProject "MyIOSDemo" */;
			compatibilityVersion = "Xcode 13.0";
			developmentRegion = en;
			hasScannedForEncodings = 0;
			knownRegions = (
				en,
				Base,
			);
			mainGroup = 99C9C3FB284A0363005E2FB5;
			productRefGroup = 99C9C405284A0364005E2FB5 /* Products */;
			projectDirPath = "";
			projectRoot = "";
			targets = (
				99C9C403284A0364005E2FB5 /* MyIOSDemo */,
				99C9C41E284A036A005E2FB5 /* MyIOSDemoTests */,
				99C9C428284A036A005E2FB5 /* MyIOSDemoUITests */,
				99BE9A40287045670077D28D /* XibTest */,
				99B273D628743F7400270276 /* CodeViewTest */,
			);
		};
/* End PBXProject section */

/* Begin PBXResourcesBuildPhase section */
		99B273D528743F7400270276 /* Resources */ = {
			isa = PBXResourcesBuildPhase;
			buildActionMask = 2147483647;
			files = (
				99B273E928743F7700270276 /* LaunchScreen.storyboard in Resources */,
				99B273E628743F7700270276 /* Assets.xcassets in Resources */,
			);
			runOnlyForDeploymentPostprocessing = 0;
		};
		99BE9A3F287045670077D28D /* Resources */ = {
			isa = PBXResourcesBuildPhase;
			buildActionMask = 2147483647;
			files = (
				99BE9A53287045690077D28D /* LaunchScreen.storyboard in Resources */,
				99BE9A50287045690077D28D /* Assets.xcassets in Resources */,
				99BE9A5E2872805F0077D28D /* RootViewController.xib in Resources */,
			);
			runOnlyForDeploymentPostprocessing = 0;
		};
		99C9C402284A0364005E2FB5 /* Resources */ = {
			isa = PBXResourcesBuildPhase;
			buildActionMask = 2147483647;
			files = (
				99C9C417284A036A005E2FB5 /* LaunchScreen.storyboard in Resources */,
				99C9C414284A036A005E2FB5 /* Assets.xcassets in Resources */,
				99C9C412284A0364005E2FB5 /* Main.storyboard in Resources */,
			);
			runOnlyForDeploymentPostprocessing = 0;
		};
		99C9C41D284A036A005E2FB5 /* Resources */ = {
			isa = PBXResourcesBuildPhase;
			buildActionMask = 2147483647;
			files = (
			);
			runOnlyForDeploymentPostprocessing = 0;
		};
		99C9C427284A036A005E2FB5 /* Resources */ = {
			isa = PBXResourcesBuildPhase;
			buildActionMask = 2147483647;
			files = (
			);
			runOnlyForDeploymentPostprocessing = 0;
		};
/* End PBXResourcesBuildPhase section */

/* Begin PBXSourcesBuildPhase section */
		99B273D328743F7400270276 /* Sources */ = {
			isa = PBXSourcesBuildPhase;
			buildActionMask = 2147483647;
			files = (
				9982D1DA288240B000AC36AF /* SecondViewController.m in Sources */,
				99B273DB28743F7500270276 /* AppDelegate.m in Sources */,
				99B273EC28743F7700270276 /* main.m in Sources */,
				9946DC032875157400D695B7 /* MyRootViewController.m in Sources */,
				99B273DE28743F7500270276 /* SceneDelegate.m in Sources */,
			);
			runOnlyForDeploymentPostprocessing = 0;
		};
		99BE9A3D287045670077D28D /* Sources */ = {
			isa = PBXSourcesBuildPhase;
			buildActionMask = 2147483647;
			files = (
				99BE9A45287045670077D28D /* AppDelegate.m in Sources */,
				99BE9A56287045690077D28D /* main.m in Sources */,
				99BE9A5D2872805F0077D28D /* RootViewController.m in Sources */,
				99BE9A48287045670077D28D /* SceneDelegate.m in Sources */,
			);
			runOnlyForDeploymentPostprocessing = 0;
		};
		99C9C400284A0364005E2FB5 /* Sources */ = {
			isa = PBXSourcesBuildPhase;
			buildActionMask = 2147483647;
			files = (
				99C9C40F284A0364005E2FB5 /* ViewController.m in Sources */,
				99C9C409284A0364005E2FB5 /* AppDelegate.m in Sources */,
				99C9C41A284A036A005E2FB5 /* main.m in Sources */,
				998FFFC5288001190074D4FA /* SecondViewController.m in Sources */,
				99C9C40C284A0364005E2FB5 /* SceneDelegate.m in Sources */,
				30CE83E251BA6A24F3584746 /* Student.m in Sources */,
				30CE84CBBFFA5BC5089A4B8C /* Person.m in Sources */,
			);
			runOnlyForDeploymentPostprocessing = 0;
		};
		99C9C41B284A036A005E2FB5 /* Sources */ = {
			isa = PBXSourcesBuildPhase;
			buildActionMask = 2147483647;
			files = (
				99C9C424284A036A005E2FB5 /* MyIOSDemoTests.m in Sources */,
			);
			runOnlyForDeploymentPostprocessing = 0;
		};
		99C9C425284A036A005E2FB5 /* Sources */ = {
			isa = PBXSourcesBuildPhase;
			buildActionMask = 2147483647;
			files = (
				99C9C42E284A036A005E2FB5 /* MyIOSDemoUITests.m in Sources */,
				99C9C430284A036A005E2FB5 /* MyIOSDemoUITestsLaunchTests.m in Sources */,
			);
			runOnlyForDeploymentPostprocessing = 0;
		};
/* End PBXSourcesBuildPhase section */

/* Begin PBXTargetDependency section */
		99C9C421284A036A005E2FB5 /* PBXTargetDependency */ = {
			isa = PBXTargetDependency;
			target = 99C9C403284A0364005E2FB5 /* MyIOSDemo */;
			targetProxy = 99C9C420284A036A005E2FB5 /* PBXContainerItemProxy */;
		};
		99C9C42B284A036A005E2FB5 /* PBXTargetDependency */ = {
			isa = PBXTargetDependency;
			target = 99C9C403284A0364005E2FB5 /* MyIOSDemo */;
			targetProxy = 99C9C42A284A036A005E2FB5 /* PBXContainerItemProxy */;
		};
/* End PBXTargetDependency section */

/* Begin PBXVariantGroup section */
		99B273E728743F7700270276 /* LaunchScreen.storyboard */ = {
			isa = PBXVariantGroup;
			children = (
				99B273E828743F7700270276 /* Base */,
			);
			name = LaunchScreen.storyboard;
			sourceTree = "<group>";
		};
		99BE9A51287045690077D28D /* LaunchScreen.storyboard */ = {
			isa = PBXVariantGroup;
			children = (
				99BE9A52287045690077D28D /* Base */,
			);
			name = LaunchScreen.storyboard;
			sourceTree = "<group>";
		};
		99C9C410284A0364005E2FB5 /* Main.storyboard */ = {
			isa = PBXVariantGroup;
			children = (
				99C9C411284A0364005E2FB5 /* Base */,
			);
			name = Main.storyboard;
			sourceTree = "<group>";
		};
		99C9C415284A036A005E2FB5 /* LaunchScreen.storyboard */ = {
			isa = PBXVariantGroup;
			children = (
				99C9C416284A036A005E2FB5 /* Base */,
			);
			name = LaunchScreen.storyboard;
			sourceTree = "<group>";
		};
/* End PBXVariantGroup section */

/* Begin XCBuildConfiguration section */
		99B273ED28743F7700270276 /* Debug */ = {
			isa = XCBuildConfiguration;
			buildSettings = {
				ASSETCATALOG_COMPILER_APPICON_NAME = AppIcon;
				ASSETCATALOG_COMPILER_GLOBAL_ACCENT_COLOR_NAME = AccentColor;
				CODE_SIGN_STYLE = Automatic;
				CURRENT_PROJECT_VERSION = 1;
				DEVELOPMENT_TEAM = 8B3CS29M3G;
				GENERATE_INFOPLIST_FILE = YES;
				INFOPLIST_FILE = CodeViewTest/Info.plist;
				INFOPLIST_KEY_UIApplicationSupportsIndirectInputEvents = YES;
				INFOPLIST_KEY_UILaunchStoryboardName = LaunchScreen;
				INFOPLIST_KEY_UISupportedInterfaceOrientations_iPad = "UIInterfaceOrientationPortrait UIInterfaceOrientationPortraitUpsideDown UIInterfaceOrientationLandscapeLeft UIInterfaceOrientationLandscapeRight";
				INFOPLIST_KEY_UISupportedInterfaceOrientations_iPhone = "UIInterfaceOrientationPortrait UIInterfaceOrientationLandscapeLeft UIInterfaceOrientationLandscapeRight";
				IPHONEOS_DEPLOYMENT_TARGET = 15.2;
				LD_RUNPATH_SEARCH_PATHS = (
					"$(inherited)",
					"@executable_path/Frameworks",
				);
				MARKETING_VERSION = 1.0;
				PRODUCT_BUNDLE_IDENTIFIER = io.zyx.CodeViewTest;
				PRODUCT_NAME = "$(TARGET_NAME)";
				SWIFT_EMIT_LOC_STRINGS = YES;
				TARGETED_DEVICE_FAMILY = "1,2";
			};
			name = Debug;
		};
		99B273EE28743F7700270276 /* Release */ = {
			isa = XCBuildConfiguration;
			buildSettings = {
				ASSETCATALOG_COMPILER_APPICON_NAME = AppIcon;
				ASSETCATALOG_COMPILER_GLOBAL_ACCENT_COLOR_NAME = AccentColor;
				CODE_SIGN_STYLE = Automatic;
				CURRENT_PROJECT_VERSION = 1;
				DEVELOPMENT_TEAM = 8B3CS29M3G;
				GENERATE_INFOPLIST_FILE = YES;
				INFOPLIST_FILE = CodeViewTest/Info.plist;
				INFOPLIST_KEY_UIApplicationSupportsIndirectInputEvents = YES;
				INFOPLIST_KEY_UILaunchStoryboardName = LaunchScreen;
				INFOPLIST_KEY_UISupportedInterfaceOrientations_iPad = "UIInterfaceOrientationPortrait UIInterfaceOrientationPortraitUpsideDown UIInterfaceOrientationLandscapeLeft UIInterfaceOrientationLandscapeRight";
				INFOPLIST_KEY_UISupportedInterfaceOrientations_iPhone = "UIInterfaceOrientationPortrait UIInterfaceOrientationLandscapeLeft UIInterfaceOrientationLandscapeRight";
				IPHONEOS_DEPLOYMENT_TARGET = 15.2;
				LD_RUNPATH_SEARCH_PATHS = (
					"$(inherited)",
					"@executable_path/Frameworks",
				);
				MARKETING_VERSION = 1.0;
				PRODUCT_BUNDLE_IDENTIFIER = io.zyx.CodeViewTest;
				PRODUCT_NAME = "$(TARGET_NAME)";
				SWIFT_EMIT_LOC_STRINGS = YES;
				TARGETED_DEVICE_FAMILY = "1,2";
			};
			name = Release;
		};
		99BE9A57287045690077D28D /* Debug */ = {
			isa = XCBuildConfiguration;
			buildSettings = {
				ASSETCATALOG_COMPILER_APPICON_NAME = AppIcon;
				ASSETCATALOG_COMPILER_GLOBAL_ACCENT_COLOR_NAME = AccentColor;
				CODE_SIGN_STYLE = Automatic;
				CURRENT_PROJECT_VERSION = 1;
				DEVELOPMENT_TEAM = 8B3CS29M3G;
				GCC_PRECOMPILE_PREFIX_HEADER = YES;
				GCC_PREFIX_HEADER = "$(SRCROOT)/MyIOSDemo/PrefixHeader.pch";
				GENERATE_INFOPLIST_FILE = YES;
				INFOPLIST_FILE = XibTest/Info.plist;
				INFOPLIST_KEY_UIApplicationSupportsIndirectInputEvents = YES;
				INFOPLIST_KEY_UILaunchStoryboardName = LaunchScreen;
				INFOPLIST_KEY_UISupportedInterfaceOrientations_iPad = "UIInterfaceOrientationPortrait UIInterfaceOrientationPortraitUpsideDown UIInterfaceOrientationLandscapeLeft UIInterfaceOrientationLandscapeRight";
				INFOPLIST_KEY_UISupportedInterfaceOrientations_iPhone = "UIInterfaceOrientationPortrait UIInterfaceOrientationLandscapeLeft UIInterfaceOrientationLandscapeRight";
				LD_RUNPATH_SEARCH_PATHS = (
					"$(inherited)",
					"@executable_path/Frameworks",
				);
				MARKETING_VERSION = 1.0;
				PRODUCT_BUNDLE_IDENTIFIER = io.zyx.XibTest;
				PRODUCT_NAME = "$(TARGET_NAME)";
				SWIFT_EMIT_LOC_STRINGS = YES;
				TARGETED_DEVICE_FAMILY = "1,2";
			};
			name = Debug;
		};
		99BE9A58287045690077D28D /* Release */ = {
			isa = XCBuildConfiguration;
			buildSettings = {
				ASSETCATALOG_COMPILER_APPICON_NAME = AppIcon;
				ASSETCATALOG_COMPILER_GLOBAL_ACCENT_COLOR_NAME = AccentColor;
				CODE_SIGN_STYLE = Automatic;
				CURRENT_PROJECT_VERSION = 1;
				DEVELOPMENT_TEAM = 8B3CS29M3G;
				GCC_PRECOMPILE_PREFIX_HEADER = YES;
				GCC_PREFIX_HEADER = "$(SRCROOT)/MyIOSDemo/PrefixHeader.pch";
				GENERATE_INFOPLIST_FILE = YES;
				INFOPLIST_FILE = XibTest/Info.plist;
				INFOPLIST_KEY_UIApplicationSupportsIndirectInputEvents = YES;
				INFOPLIST_KEY_UILaunchStoryboardName = LaunchScreen;
				INFOPLIST_KEY_UISupportedInterfaceOrientations_iPad = "UIInterfaceOrientationPortrait UIInterfaceOrientationPortraitUpsideDown UIInterfaceOrientationLandscapeLeft UIInterfaceOrientationLandscapeRight";
				INFOPLIST_KEY_UISupportedInterfaceOrientations_iPhone = "UIInterfaceOrientationPortrait UIInterfaceOrientationLandscapeLeft UIInterfaceOrientationLandscapeRight";
				LD_RUNPATH_SEARCH_PATHS = (
					"$(inherited)",
					"@executable_path/Frameworks",
				);
				MARKETING_VERSION = 1.0;
				PRODUCT_BUNDLE_IDENTIFIER = io.zyx.XibTest;
				PRODUCT_NAME = "$(TARGET_NAME)";
				SWIFT_EMIT_LOC_STRINGS = YES;
				TARGETED_DEVICE_FAMILY = "1,2";
			};
			name = Release;
		};
		99C9C431284A036A005E2FB5 /* Debug */ = {
			isa = XCBuildConfiguration;
			buildSettings = {
				ALWAYS_SEARCH_USER_PATHS = NO;
				CLANG_ANALYZER_NONNULL = YES;
				CLANG_ANALYZER_NUMBER_OBJECT_CONVERSION = YES_AGGRESSIVE;
				CLANG_CXX_LANGUAGE_STANDARD = "gnu++17";
				CLANG_ENABLE_MODULES = YES;
				CLANG_ENABLE_OBJC_ARC = YES;
				CLANG_ENABLE_OBJC_WEAK = YES;
				CLANG_WARN_BLOCK_CAPTURE_AUTORELEASING = YES;
				CLANG_WARN_BOOL_CONVERSION = YES;
				CLANG_WARN_COMMA = YES;
				CLANG_WARN_CONSTANT_CONVERSION = YES;
				CLANG_WARN_DEPRECATED_OBJC_IMPLEMENTATIONS = YES;
				CLANG_WARN_DIRECT_OBJC_ISA_USAGE = YES_ERROR;
				CLANG_WARN_DOCUMENTATION_COMMENTS = YES;
				CLANG_WARN_EMPTY_BODY = YES;
				CLANG_WARN_ENUM_CONVERSION = YES;
				CLANG_WARN_INFINITE_RECURSION = YES;
				CLANG_WARN_INT_CONVERSION = YES;
				CLANG_WARN_NON_LITERAL_NULL_CONVERSION = YES;
				CLANG_WARN_OBJC_IMPLICIT_RETAIN_SELF = YES;
				CLANG_WARN_OBJC_LITERAL_CONVERSION = YES;
				CLANG_WARN_OBJC_ROOT_CLASS = YES_ERROR;
				CLANG_WARN_QUOTED_INCLUDE_IN_FRAMEWORK_HEADER = YES;
				CLANG_WARN_RANGE_LOOP_ANALYSIS = YES;
				CLANG_WARN_STRICT_PROTOTYPES = YES;
				CLANG_WARN_SUSPICIOUS_MOVE = YES;
				CLANG_WARN_UNGUARDED_AVAILABILITY = YES_AGGRESSIVE;
				CLANG_WARN_UNREACHABLE_CODE = YES;
				CLANG_WARN__DUPLICATE_METHOD_MATCH = YES;
				COPY_PHASE_STRIP = NO;
				DEBUG_INFORMATION_FORMAT = dwarf;
				ENABLE_STRICT_OBJC_MSGSEND = YES;
				ENABLE_TESTABILITY = YES;
				GCC_C_LANGUAGE_STANDARD = gnu11;
				GCC_DYNAMIC_NO_PIC = NO;
				GCC_NO_COMMON_BLOCKS = YES;
				GCC_OPTIMIZATION_LEVEL = 0;
				GCC_PREPROCESSOR_DEFINITIONS = (
					"DEBUG=1",
					"$(inherited)",
				);
				GCC_WARN_64_TO_32_BIT_CONVERSION = YES;
				GCC_WARN_ABOUT_RETURN_TYPE = YES_ERROR;
				GCC_WARN_UNDECLARED_SELECTOR = YES;
				GCC_WARN_UNINITIALIZED_AUTOS = YES_AGGRESSIVE;
				GCC_WARN_UNUSED_FUNCTION = YES;
				GCC_WARN_UNUSED_VARIABLE = YES;
				IPHONEOS_DEPLOYMENT_TARGET = 15.0;
				MTL_ENABLE_DEBUG_INFO = INCLUDE_SOURCE;
				MTL_FAST_MATH = YES;
				ONLY_ACTIVE_ARCH = YES;
				SDKROOT = iphoneos;
			};
			name = Debug;
		};
		99C9C432284A036A005E2FB5 /* Release */ = {
			isa = XCBuildConfiguration;
			buildSettings = {
				ALWAYS_SEARCH_USER_PATHS = NO;
				CLANG_ANALYZER_NONNULL = YES;
				CLANG_ANALYZER_NUMBER_OBJECT_CONVERSION = YES_AGGRESSIVE;
				CLANG_CXX_LANGUAGE_STANDARD = "gnu++17";
				CLANG_ENABLE_MODULES = YES;
				CLANG_ENABLE_OBJC_ARC = YES;
				CLANG_ENABLE_OBJC_WEAK = YES;
				CLANG_WARN_BLOCK_CAPTURE_AUTORELEASING = YES;
				CLANG_WARN_BOOL_CONVERSION = YES;
				CLANG_WARN_COMMA = YES;
				CLANG_WARN_CONSTANT_CONVERSION = YES;
				CLANG_WARN_DEPRECATED_OBJC_IMPLEMENTATIONS = YES;
				CLANG_WARN_DIRECT_OBJC_ISA_USAGE = YES_ERROR;
				CLANG_WARN_DOCUMENTATION_COMMENTS = YES;
				CLANG_WARN_EMPTY_BODY = YES;
				CLANG_WARN_ENUM_CONVERSION = YES;
				CLANG_WARN_INFINITE_RECURSION = YES;
				CLANG_WARN_INT_CONVERSION = YES;
				CLANG_WARN_NON_LITERAL_NULL_CONVERSION = YES;
				CLANG_WARN_OBJC_IMPLICIT_RETAIN_SELF = YES;
				CLANG_WARN_OBJC_LITERAL_CONVERSION = YES;
				CLANG_WARN_OBJC_ROOT_CLASS = YES_ERROR;
				CLANG_WARN_QUOTED_INCLUDE_IN_FRAMEWORK_HEADER = YES;
				CLANG_WARN_RANGE_LOOP_ANALYSIS = YES;
				CLANG_WARN_STRICT_PROTOTYPES = YES;
				CLANG_WARN_SUSPICIOUS_MOVE = YES;
				CLANG_WARN_UNGUARDED_AVAILABILITY = YES_AGGRESSIVE;
				CLANG_WARN_UNREACHABLE_CODE = YES;
				CLANG_WARN__DUPLICATE_METHOD_MATCH = YES;
				COPY_PHASE_STRIP = NO;
				DEBUG_INFORMATION_FORMAT = "dwarf-with-dsym";
				ENABLE_NS_ASSERTIONS = NO;
				ENABLE_STRICT_OBJC_MSGSEND = YES;
				GCC_C_LANGUAGE_STANDARD = gnu11;
				GCC_NO_COMMON_BLOCKS = YES;
				GCC_WARN_64_TO_32_BIT_CONVERSION = YES;
				GCC_WARN_ABOUT_RETURN_TYPE = YES_ERROR;
				GCC_WARN_UNDECLARED_SELECTOR = YES;
				GCC_WARN_UNINITIALIZED_AUTOS = YES_AGGRESSIVE;
				GCC_WARN_UNUSED_FUNCTION = YES;
				GCC_WARN_UNUSED_VARIABLE = YES;
				IPHONEOS_DEPLOYMENT_TARGET = 15.0;
				MTL_ENABLE_DEBUG_INFO = NO;
				MTL_FAST_MATH = YES;
				SDKROOT = iphoneos;
				VALIDATE_PRODUCT = YES;
			};
			name = Release;
		};
		99C9C434284A036A005E2FB5 /* Debug */ = {
			isa = XCBuildConfiguration;
			buildSettings = {
				ASSETCATALOG_COMPILER_APPICON_NAME = AppIcon;
				ASSETCATALOG_COMPILER_GLOBAL_ACCENT_COLOR_NAME = AccentColor;
				CODE_SIGN_STYLE = Automatic;
				CURRENT_PROJECT_VERSION = 1;
				DEVELOPMENT_TEAM = 6S75799T3V;
				GCC_PRECOMPILE_PREFIX_HEADER = YES;
				GCC_PREFIX_HEADER = "$(SRCROOT)/MyIOSDemo/PrefixHeader.pch";
				GENERATE_INFOPLIST_FILE = YES;
				INFOPLIST_FILE = MyIOSDemo/Info.plist;
				INFOPLIST_KEY_UIApplicationSupportsIndirectInputEvents = YES;
				INFOPLIST_KEY_UILaunchStoryboardName = LaunchScreen;
				INFOPLIST_KEY_UIMainStoryboardFile = Main;
				INFOPLIST_KEY_UISupportedInterfaceOrientations_iPad = "UIInterfaceOrientationPortrait UIInterfaceOrientationPortraitUpsideDown UIInterfaceOrientationLandscapeLeft UIInterfaceOrientationLandscapeRight";
				INFOPLIST_KEY_UISupportedInterfaceOrientations_iPhone = "UIInterfaceOrientationPortrait UIInterfaceOrientationLandscapeLeft UIInterfaceOrientationLandscapeRight";
				IPHONEOS_DEPLOYMENT_TARGET = 13.0;
				LD_RUNPATH_SEARCH_PATHS = (
					"$(inherited)",
					"@executable_path/Frameworks",
				);
				MARKETING_VERSION = 1.0;
				PRODUCT_BUNDLE_IDENTIFIER = io.zyx.myiosdemo;
				PRODUCT_NAME = "$(TARGET_NAME)";
				SWIFT_EMIT_LOC_STRINGS = YES;
				TARGETED_DEVICE_FAMILY = "1,2";
			};
			name = Debug;
		};
		99C9C435284A036A005E2FB5 /* Release */ = {
			isa = XCBuildConfiguration;
			buildSettings = {
				ASSETCATALOG_COMPILER_APPICON_NAME = AppIcon;
				ASSETCATALOG_COMPILER_GLOBAL_ACCENT_COLOR_NAME = AccentColor;
				CODE_SIGN_STYLE = Automatic;
				CURRENT_PROJECT_VERSION = 1;
				DEVELOPMENT_TEAM = 6S75799T3V;
				GCC_PRECOMPILE_PREFIX_HEADER = YES;
				GCC_PREFIX_HEADER = "$(SRCROOT)/MyIOSDemo/PrefixHeader.pch";
				GENERATE_INFOPLIST_FILE = YES;
				INFOPLIST_FILE = MyIOSDemo/Info.plist;
				INFOPLIST_KEY_UIApplicationSupportsIndirectInputEvents = YES;
				INFOPLIST_KEY_UILaunchStoryboardName = LaunchScreen;
				INFOPLIST_KEY_UIMainStoryboardFile = Main;
				INFOPLIST_KEY_UISupportedInterfaceOrientations_iPad = "UIInterfaceOrientationPortrait UIInterfaceOrientationPortraitUpsideDown UIInterfaceOrientationLandscapeLeft UIInterfaceOrientationLandscapeRight";
				INFOPLIST_KEY_UISupportedInterfaceOrientations_iPhone = "UIInterfaceOrientationPortrait UIInterfaceOrientationLandscapeLeft UIInterfaceOrientationLandscapeRight";
				IPHONEOS_DEPLOYMENT_TARGET = 13.0;
				LD_RUNPATH_SEARCH_PATHS = (
					"$(inherited)",
					"@executable_path/Frameworks",
				);
				MARKETING_VERSION = 1.0;
				PRODUCT_BUNDLE_IDENTIFIER = io.zyx.myiosdemo;
				PRODUCT_NAME = "$(TARGET_NAME)";
				SWIFT_EMIT_LOC_STRINGS = YES;
				TARGETED_DEVICE_FAMILY = "1,2";
			};
			name = Release;
		};
		99C9C437284A036A005E2FB5 /* Debug */ = {
			isa = XCBuildConfiguration;
			buildSettings = {
				BUNDLE_LOADER = "$(TEST_HOST)";
				CODE_SIGN_STYLE = Automatic;
				CURRENT_PROJECT_VERSION = 1;
				GENERATE_INFOPLIST_FILE = YES;
				IPHONEOS_DEPLOYMENT_TARGET = 15.5;
				MARKETING_VERSION = 1.0;
				PRODUCT_BUNDLE_IDENTIFIER = io.zyx.MyIOSDemoTests;
				PRODUCT_NAME = "$(TARGET_NAME)";
				SWIFT_EMIT_LOC_STRINGS = NO;
				TARGETED_DEVICE_FAMILY = "1,2";
				TEST_HOST = "$(BUILT_PRODUCTS_DIR)/MyIOSDemo.app/MyIOSDemo";
			};
			name = Debug;
		};
		99C9C438284A036A005E2FB5 /* Release */ = {
			isa = XCBuildConfiguration;
			buildSettings = {
				BUNDLE_LOADER = "$(TEST_HOST)";
				CODE_SIGN_STYLE = Automatic;
				CURRENT_PROJECT_VERSION = 1;
				GENERATE_INFOPLIST_FILE = YES;
				IPHONEOS_DEPLOYMENT_TARGET = 15.5;
				MARKETING_VERSION = 1.0;
				PRODUCT_BUNDLE_IDENTIFIER = io.zyx.MyIOSDemoTests;
				PRODUCT_NAME = "$(TARGET_NAME)";
				SWIFT_EMIT_LOC_STRINGS = NO;
				TARGETED_DEVICE_FAMILY = "1,2";
				TEST_HOST = "$(BUILT_PRODUCTS_DIR)/MyIOSDemo.app/MyIOSDemo";
			};
			name = Release;
		};
		99C9C43A284A036A005E2FB5 /* Debug */ = {
			isa = XCBuildConfiguration;
			buildSettings = {
				CODE_SIGN_STYLE = Automatic;
				CURRENT_PROJECT_VERSION = 1;
				GENERATE_INFOPLIST_FILE = YES;
				MARKETING_VERSION = 1.0;
				PRODUCT_BUNDLE_IDENTIFIER = io.zyx.MyIOSDemoUITests;
				PRODUCT_NAME = "$(TARGET_NAME)";
				SWIFT_EMIT_LOC_STRINGS = NO;
				TARGETED_DEVICE_FAMILY = "1,2";
				TEST_TARGET_NAME = MyIOSDemo;
			};
			name = Debug;
		};
		99C9C43B284A036A005E2FB5 /* Release */ = {
			isa = XCBuildConfiguration;
			buildSettings = {
				CODE_SIGN_STYLE = Automatic;
				CURRENT_PROJECT_VERSION = 1;
				GENERATE_INFOPLIST_FILE = YES;
				MARKETING_VERSION = 1.0;
				PRODUCT_BUNDLE_IDENTIFIER = io.zyx.MyIOSDemoUITests;
				PRODUCT_NAME = "$(TARGET_NAME)";
				SWIFT_EMIT_LOC_STRINGS = NO;
				TARGETED_DEVICE_FAMILY = "1,2";
				TEST_TARGET_NAME = MyIOSDemo;
			};
			name = Release;
		};
/* End XCBuildConfiguration section */

/* Begin XCConfigurationList section */
		99B273EF28743F7700270276 /* Build configuration list for PBXNativeTarget "CodeViewTest" */ = {
			isa = XCConfigurationList;
			buildConfigurations = (
				99B273ED28743F7700270276 /* Debug */,
				99B273EE28743F7700270276 /* Release */,
			);
			defaultConfigurationIsVisible = 0;
			defaultConfigurationName = Release;
		};
		99BE9A59287045690077D28D /* Build configuration list for PBXNativeTarget "XibTest" */ = {
			isa = XCConfigurationList;
			buildConfigurations = (
				99BE9A57287045690077D28D /* Debug */,
				99BE9A58287045690077D28D /* Release */,
			);
			defaultConfigurationIsVisible = 0;
			defaultConfigurationName = Release;
		};
		99C9C3FF284A0363005E2FB5 /* Build configuration list for PBXProject "MyIOSDemo" */ = {
			isa = XCConfigurationList;
			buildConfigurations = (
				99C9C431284A036A005E2FB5 /* Debug */,
				99C9C432284A036A005E2FB5 /* Release */,
			);
			defaultConfigurationIsVisible = 0;
			defaultConfigurationName = Release;
		};
		99C9C433284A036A005E2FB5 /* Build configuration list for PBXNativeTarget "MyIOSDemo" */ = {
			isa = XCConfigurationList;
			buildConfigurations = (
				99C9C434284A036A005E2FB5 /* Debug */,
				99C9C435284A036A005E2FB5 /* Release */,
			);
			defaultConfigurationIsVisible = 0;
			defaultConfigurationName = Release;
		};
		99C9C436284A036A005E2FB5 /* Build configuration list for PBXNativeTarget "MyIOSDemoTests" */ = {
			isa = XCConfigurationList;
			buildConfigurations = (
				99C9C437284A036A005E2FB5 /* Debug */,
				99C9C438284A036A005E2FB5 /* Release */,
			);
			defaultConfigurationIsVisible = 0;
			defaultConfigurationName = Release;
		};
		99C9C439284A036A005E2FB5 /* Build configuration list for PBXNativeTarget "MyIOSDemoUITests" */ = {
			isa = XCConfigurationList;
			buildConfigurations = (
				99C9C43A284A036A005E2FB5 /* Debug */,
				99C9C43B284A036A005E2FB5 /* Release */,
			);
			defaultConfigurationIsVisible = 0;
			defaultConfigurationName = Release;
		};
/* End XCConfigurationList section */
	};
	rootObject = 99C9C3FC284A0363005E2FB5 /* Project object */;
}
